
Microsoft Visual Studio Solution File, Format Version 12.00
Project("{2150E333-8FDC-42A3-9474-1A3956D46DE8}") = "src", "src", "{0D597769-018F-4B71-8BDB-5FAB0C6327E8}"
EndProject
Project("{FAE04EC0-301F-11D3-BF4B-00C04F79EFBC}") = "Sellow.Bootstrapper", "src\Sellow.Bootstrapper\Sellow.Bootstrapper.csproj", "{41529884-B298-4820-A9FD-24468B6C1B30}"
EndProject
Project("{2150E333-8FDC-42A3-9474-1A3956D46DE8}") = "Shared", "Shared", "{E44F7D8C-2FE0-4AD2-AA8A-84EA8822D0DA}"
EndProject
Project("{FAE04EC0-301F-11D3-BF4B-00C04F79EFBC}") = "Sellow.Shared.Abstractions", "src\Shared\Sellow.Shared.Abstractions\Sellow.Shared.Abstractions.csproj", "{68950A0B-4613-4ECF-A8E7-176E7C91A3D9}"
EndProject
Project("{FAE04EC0-301F-11D3-BF4B-00C04F79EFBC}") = "Sellow.Shared.Abstractions.Tests.Unit", "src\Shared\Sellow.Shared.Abstractions.Tests.Unit\Sellow.Shared.Abstractions.Tests.Unit.csproj", "{F8B499D2-96A6-4D09-AEFF-434E9EE9B01F}"
EndProject
Project("{FAE04EC0-301F-11D3-BF4B-00C04F79EFBC}") = "Sellow.Shared.Infrastructure", "src\Shared\Sellow.Shared.Infrastructure\Sellow.Shared.Infrastructure.csproj", "{B35F4F9F-E3CF-43A8-8673-536420F923D7}"
EndProject
Project("{2150E333-8FDC-42A3-9474-1A3956D46DE8}") = "Modules", "Modules", "{875377FC-9B5E-4D4B-A045-EC6CD82FD75C}"
EndProject
Project("{2150E333-8FDC-42A3-9474-1A3956D46DE8}") = "Auth", "Auth", "{B194B815-7381-489E-A28E-D28C274CB6AA}"
EndProject
Project("{FAE04EC0-301F-11D3-BF4B-00C04F79EFBC}") = "Sellow.Modules.Auth.Core", "src\Modules\Auth\Sellow.Modules.Auth.Core\Sellow.Modules.Auth.Core.csproj", "{72B8B634-3C56-4E7D-A0BF-8774FD72F2CD}"
EndProject
Project("{FAE04EC0-301F-11D3-BF4B-00C04F79EFBC}") = "Sellow.Modules.Auth.Core.Tests.Integration", "src\Modules\Auth\Sellow.Modules.Auth.Core.Tests.Integration\Sellow.Modules.Auth.Core.Tests.Integration.csproj", "{C7F5BF7B-00F6-4755-96F9-AE100CF5FDF6}"
EndProject
Project("{FAE04EC0-301F-11D3-BF4B-00C04F79EFBC}") = "Sellow.Modules.Auth.Contracts", "src\Modules\Auth\Sellow.Modules.Auth.Contracts\Sellow.Modules.Auth.Contracts.csproj", "{50A81B1A-ED31-4FF5-AA33-DFF8F8855E89}"
EndProject
Project("{FAE04EC0-301F-11D3-BF4B-00C04F79EFBC}") = "Sellow.Modules.Auth.Api", "src\Modules\Auth\Sellow.Modules.Auth.Api\Sellow.Modules.Auth.Api.csproj", "{F8C30681-7BC7-4C4E-94E3-36F9A95D3F4A}"
EndProject
Project("{2150E333-8FDC-42A3-9474-1A3956D46DE8}") = "EmailSending", "EmailSending", "{55E5E257-00A6-4573-B069-7F4A8828E6EE}"
EndProject
Project("{FAE04EC0-301F-11D3-BF4B-00C04F79EFBC}") = "Sellow.Modules.EmailSending.Core", "src\Modules\EmailSending\Sellow.Modules.EmailSending.Core\Sellow.Modules.EmailSending.Core.csproj", "{69AB40BF-B696-4A53-B063-A0D5D2862744}"
EndProject
Project("{FAE04EC0-301F-11D3-BF4B-00C04F79EFBC}") = "Sellow.Modules.EmailSending.Api", "src\Modules\EmailSending\Sellow.Modules.EmailSending.Api\Sellow.Modules.EmailSending.Api.csproj", "{F27731F2-5A0B-46AC-AF06-EFCF69F1DA0D}"
EndProject
Global
	GlobalSection(SolutionConfigurationPlatforms) = preSolution
		Debug|Any CPU = Debug|Any CPU
		Release|Any CPU = Release|Any CPU
	EndGlobalSection
	GlobalSection(NestedProjects) = preSolution
		{41529884-B298-4820-A9FD-24468B6C1B30} = {0D597769-018F-4B71-8BDB-5FAB0C6327E8}
		{E44F7D8C-2FE0-4AD2-AA8A-84EA8822D0DA} = {0D597769-018F-4B71-8BDB-5FAB0C6327E8}
		{68950A0B-4613-4ECF-A8E7-176E7C91A3D9} = {E44F7D8C-2FE0-4AD2-AA8A-84EA8822D0DA}
		{F8B499D2-96A6-4D09-AEFF-434E9EE9B01F} = {E44F7D8C-2FE0-4AD2-AA8A-84EA8822D0DA}
		{B35F4F9F-E3CF-43A8-8673-536420F923D7} = {E44F7D8C-2FE0-4AD2-AA8A-84EA8822D0DA}
		{875377FC-9B5E-4D4B-A045-EC6CD82FD75C} = {0D597769-018F-4B71-8BDB-5FAB0C6327E8}
		{B194B815-7381-489E-A28E-D28C274CB6AA} = {875377FC-9B5E-4D4B-A045-EC6CD82FD75C}
		{72B8B634-3C56-4E7D-A0BF-8774FD72F2CD} = {B194B815-7381-489E-A28E-D28C274CB6AA}
		{C7F5BF7B-00F6-4755-96F9-AE100CF5FDF6} = {B194B815-7381-489E-A28E-D28C274CB6AA}
		{50A81B1A-ED31-4FF5-AA33-DFF8F8855E89} = {B194B815-7381-489E-A28E-D28C274CB6AA}
		{F8C30681-7BC7-4C4E-94E3-36F9A95D3F4A} = {B194B815-7381-489E-A28E-D28C274CB6AA}
		{55E5E257-00A6-4573-B069-7F4A8828E6EE} = {875377FC-9B5E-4D4B-A045-EC6CD82FD75C}
		{69AB40BF-B696-4A53-B063-A0D5D2862744} = {55E5E257-00A6-4573-B069-7F4A8828E6EE}
		{F27731F2-5A0B-46AC-AF06-EFCF69F1DA0D} = {55E5E257-00A6-4573-B069-7F4A8828E6EE}
	EndGlobalSection
	GlobalSection(ProjectConfigurationPlatforms) = postSolution
		{41529884-B298-4820-A9FD-24468B6C1B30}.Debug|Any CPU.ActiveCfg = Debug|Any CPU
		{41529884-B298-4820-A9FD-24468B6C1B30}.Debug|Any CPU.Build.0 = Debug|Any CPU
		{41529884-B298-4820-A9FD-24468B6C1B30}.Release|Any CPU.ActiveCfg = Release|Any CPU
		{41529884-B298-4820-A9FD-24468B6C1B30}.Release|Any CPU.Build.0 = Release|Any CPU
		{68950A0B-4613-4ECF-A8E7-176E7C91A3D9}.Debug|Any CPU.ActiveCfg = Debug|Any CPU
		{68950A0B-4613-4ECF-A8E7-176E7C91A3D9}.Debug|Any CPU.Build.0 = Debug|Any CPU
		{68950A0B-4613-4ECF-A8E7-176E7C91A3D9}.Release|Any CPU.ActiveCfg = Release|Any CPU
		{68950A0B-4613-4ECF-A8E7-176E7C91A3D9}.Release|Any CPU.Build.0 = Release|Any CPU
		{F8B499D2-96A6-4D09-AEFF-434E9EE9B01F}.Debug|Any CPU.ActiveCfg = Debug|Any CPU
		{F8B499D2-96A6-4D09-AEFF-434E9EE9B01F}.Debug|Any CPU.Build.0 = Debug|Any CPU
		{F8B499D2-96A6-4D09-AEFF-434E9EE9B01F}.Release|Any CPU.ActiveCfg = Release|Any CPU
		{F8B499D2-96A6-4D09-AEFF-434E9EE9B01F}.Release|Any CPU.Build.0 = Release|Any CPU
		{B35F4F9F-E3CF-43A8-8673-536420F923D7}.Debug|Any CPU.ActiveCfg = Debug|Any CPU
		{B35F4F9F-E3CF-43A8-8673-536420F923D7}.Debug|Any CPU.Build.0 = Debug|Any CPU
		{B35F4F9F-E3CF-43A8-8673-536420F923D7}.Release|Any CPU.ActiveCfg = Release|Any CPU
		{B35F4F9F-E3CF-43A8-8673-536420F923D7}.Release|Any CPU.Build.0 = Release|Any CPU
		{72B8B634-3C56-4E7D-A0BF-8774FD72F2CD}.Debug|Any CPU.ActiveCfg = Debug|Any CPU
		{72B8B634-3C56-4E7D-A0BF-8774FD72F2CD}.Debug|Any CPU.Build.0 = Debug|Any CPU
		{72B8B634-3C56-4E7D-A0BF-8774FD72F2CD}.Release|Any CPU.ActiveCfg = Release|Any CPU
		{72B8B634-3C56-4E7D-A0BF-8774FD72F2CD}.Release|Any CPU.Build.0 = Release|Any CPU
		{C7F5BF7B-00F6-4755-96F9-AE100CF5FDF6}.Debug|Any CPU.ActiveCfg = Debug|Any CPU
		{C7F5BF7B-00F6-4755-96F9-AE100CF5FDF6}.Debug|Any CPU.Build.0 = Debug|Any CPU
		{C7F5BF7B-00F6-4755-96F9-AE100CF5FDF6}.Release|Any CPU.ActiveCfg = Release|Any CPU
		{C7F5BF7B-00F6-4755-96F9-AE100CF5FDF6}.Release|Any CPU.Build.0 = Release|Any CPU
		{50A81B1A-ED31-4FF5-AA33-DFF8F8855E89}.Debug|Any CPU.ActiveCfg = Debug|Any CPU
		{50A81B1A-ED31-4FF5-AA33-DFF8F8855E89}.Debug|Any CPU.Build.0 = Debug|Any CPU
		{50A81B1A-ED31-4FF5-AA33-DFF8F8855E89}.Release|Any CPU.ActiveCfg = Release|Any CPU
		{50A81B1A-ED31-4FF5-AA33-DFF8F8855E89}.Release|Any CPU.Build.0 = Release|Any CPU
		{F8C30681-7BC7-4C4E-94E3-36F9A95D3F4A}.Debug|Any CPU.ActiveCfg = Debug|Any CPU
		{F8C30681-7BC7-4C4E-94E3-36F9A95D3F4A}.Debug|Any CPU.Build.0 = Debug|Any CPU
		{F8C30681-7BC7-4C4E-94E3-36F9A95D3F4A}.Release|Any CPU.ActiveCfg = Release|Any CPU
		{F8C30681-7BC7-4C4E-94E3-36F9A95D3F4A}.Release|Any CPU.Build.0 = Release|Any CPU
		{69AB40BF-B696-4A53-B063-A0D5D2862744}.Debug|Any CPU.ActiveCfg = Debug|Any CPU
		{69AB40BF-B696-4A53-B063-A0D5D2862744}.Debug|Any CPU.Build.0 = Debug|Any CPU
		{69AB40BF-B696-4A53-B063-A0D5D2862744}.Release|Any CPU.ActiveCfg = Release|Any CPU
		{69AB40BF-B696-4A53-B063-A0D5D2862744}.Release|Any CPU.Build.0 = Release|Any CPU
		{F27731F2-5A0B-46AC-AF06-EFCF69F1DA0D}.Debug|Any CPU.ActiveCfg = Debug|Any CPU
		{F27731F2-5A0B-46AC-AF06-EFCF69F1DA0D}.Debug|Any CPU.Build.0 = Debug|Any CPU
		{F27731F2-5A0B-46AC-AF06-EFCF69F1DA0D}.Release|Any CPU.ActiveCfg = Release|Any CPU
		{F27731F2-5A0B-46AC-AF06-EFCF69F1DA0D}.Release|Any CPU.Build.0 = Release|Any CPU
	EndGlobalSection
EndGlobal
